
Microsoft Visual Studio Solution File, Format Version 12.00
# Visual Studio Version 17
VisualStudioVersion = 17.9.34616.47
MinimumVisualStudioVersion = 10.0.40219.1
Project("{FAE04EC0-301F-11D3-BF4B-00C04F79EFBC}") = "xadrez-console", "xadrez-console\xadrez-console.csproj", "{069B9887-4EB3-4AF3-929E-B3931AD36633}"
EndProject
Global
	GlobalSection(SolutionConfigurationPlatforms) = preSolution
		Debug|Any CPU = Debug|Any CPU
		Release|Any CPU = Release|Any CPU
	EndGlobalSection
	GlobalSection(ProjectConfigurationPlatforms) = postSolution
		{069B9887-4EB3-4AF3-929E-B3931AD36633}.Debug|Any CPU.ActiveCfg = Debug|Any CPU
		{069B9887-4EB3-4AF3-929E-B3931AD36633}.Debug|Any CPU.Build.0 = Debug|Any CPU
		{069B9887-4EB3-4AF3-929E-B3931AD36633}.Release|Any CPU.ActiveCfg = Release|Any CPU
		{069B9887-4EB3-4AF3-929E-B3931AD36633}.Release|Any CPU.Build.0 = Release|Any CPU
	EndGlobalSection
	GlobalSection(SolutionProperties) = preSolution
		HideSolutionNode = FALSE
	EndGlobalSection
	GlobalSection(ExtensibilityGlobals) = postSolution
		SolutionGuid = {8E768E64-D6C7-4F92-AC01-49568B196F52}
	EndGlobalSection
EndGlobal
